
Microsoft Visual Studio Solution File, Format Version 12.00
# Visual Studio Version 17
VisualStudioVersion = 17.12.35707.178
MinimumVisualStudioVersion = 10.0.40219.1
Project("{FAE04EC0-301F-11D3-BF4B-00C04F79EFBC}") = "MyShopSystem.API", "MyShopSystem.API\MyShopSystem.API.csproj", "{215A11B9-BAC5-4CA5-8AFD-3705231B01C1}"
EndProject
Project("{FAE04EC0-301F-11D3-BF4B-00C04F79EFBC}") = "Commons", "Commons\Commons.csproj", "{5BC22E6E-A07B-4795-A088-304DC534DA4A}"
EndProject
Project("{FAE04EC0-301F-11D3-BF4B-00C04F79EFBC}") = "MyShopSystem_UI", "MyShopSystem_UI\MyShopSystem_UI.csproj", "{D0CD1734-8D97-4AFB-8BEB-3BBBDD461BAC}"
EndProject
Global
	GlobalSection(SolutionConfigurationPlatforms) = preSolution
		Debug|Any CPU = Debug|Any CPU
		Release|Any CPU = Release|Any CPU
	EndGlobalSection
	GlobalSection(ProjectConfigurationPlatforms) = postSolution
		{215A11B9-BAC5-4CA5-8AFD-3705231B01C1}.Debug|Any CPU.ActiveCfg = Debug|Any CPU
		{215A11B9-BAC5-4CA5-8AFD-3705231B01C1}.Debug|Any CPU.Build.0 = Debug|Any CPU
		{215A11B9-BAC5-4CA5-8AFD-3705231B01C1}.Release|Any CPU.ActiveCfg = Release|Any CPU
		{215A11B9-BAC5-4CA5-8AFD-3705231B01C1}.Release|Any CPU.Build.0 = Release|Any CPU
		{5BC22E6E-A07B-4795-A088-304DC534DA4A}.Debug|Any CPU.ActiveCfg = Debug|Any CPU
		{5BC22E6E-A07B-4795-A088-304DC534DA4A}.Debug|Any CPU.Build.0 = Debug|Any CPU
		{5BC22E6E-A07B-4795-A088-304DC534DA4A}.Release|Any CPU.ActiveCfg = Release|Any CPU
		{5BC22E6E-A07B-4795-A088-304DC534DA4A}.Release|Any CPU.Build.0 = Release|Any CPU
		{D0CD1734-8D97-4AFB-8BEB-3BBBDD461BAC}.Debug|Any CPU.ActiveCfg = Debug|Any CPU
		{D0CD1734-8D97-4AFB-8BEB-3BBBDD461BAC}.Debug|Any CPU.Build.0 = Debug|Any CPU
		{D0CD1734-8D97-4AFB-8BEB-3BBBDD461BAC}.Release|Any CPU.ActiveCfg = Release|Any CPU
		{D0CD1734-8D97-4AFB-8BEB-3BBBDD461BAC}.Release|Any CPU.Build.0 = Release|Any CPU
	EndGlobalSection
	GlobalSection(SolutionProperties) = preSolution
		HideSolutionNode = FALSE
	EndGlobalSection
EndGlobal
